// !$*UTF8*$!
{
	archiveVersion = 1;
	classes = {
	};
	objectVersion = 56;
	objects = {

/* Begin PBXBuildFile section */
		040804952AE65124003F857A /* AppDelegate.swift in Sources */ = {isa = PBXBuildFile; fileRef = 040804942AE65124003F857A /* AppDelegate.swift */; };
		040804972AE65124003F857A /* SceneDelegate.swift in Sources */ = {isa = PBXBuildFile; fileRef = 040804962AE65124003F857A /* SceneDelegate.swift */; };
		040804992AE65124003F857A /* ViewController.swift in Sources */ = {isa = PBXBuildFile; fileRef = 040804982AE65124003F857A /* ViewController.swift */; };
		0408049C2AE65124003F857A /* Main.storyboard in Resources */ = {isa = PBXBuildFile; fileRef = 0408049A2AE65124003F857A /* Main.storyboard */; };
		0408049F2AE65124003F857A /* AppleNews.xcdatamodeld in Sources */ = {isa = PBXBuildFile; fileRef = 0408049D2AE65124003F857A /* AppleNews.xcdatamodeld */; };
		040804A12AE65126003F857A /* Assets.xcassets in Resources */ = {isa = PBXBuildFile; fileRef = 040804A02AE65126003F857A /* Assets.xcassets */; };
		040804A42AE65126003F857A /* LaunchScreen.storyboard in Resources */ = {isa = PBXBuildFile; fileRef = 040804A22AE65126003F857A /* LaunchScreen.storyboard */; };
		040804AC2AE654E0003F857A /* NewsListTableViewCell.swift in Sources */ = {isa = PBXBuildFile; fileRef = 040804AB2AE654E0003F857A /* NewsListTableViewCell.swift */; };
		044FA7E12AE65A1800A35FEC /* NewsDetailViewController.swift in Sources */ = {isa = PBXBuildFile; fileRef = 044FA7E02AE65A1800A35FEC /* NewsDetailViewController.swift */; };
		044FA7E32AE65F7C00A35FEC /* ReadmoreViewController.swift in Sources */ = {isa = PBXBuildFile; fileRef = 044FA7E22AE65F7C00A35FEC /* ReadmoreViewController.swift */; };
		FE5E04EC9B6F6B08C1F8EB67 /* Pods_AppleNews.framework in Frameworks */ = {isa = PBXBuildFile; fileRef = 9F4B0FB9827DCB4C4A84D5CD /* Pods_AppleNews.framework */; };
/* End PBXBuildFile section */

/* Begin PBXFileReference section */
		040804912AE65124003F857A /* AppleNews.app */ = {isa = PBXFileReference; explicitFileType = wrapper.application; includeInIndex = 0; path = AppleNews.app; sourceTree = BUILT_PRODUCTS_DIR; };
		040804942AE65124003F857A /* AppDelegate.swift */ = {isa = PBXFileReference; lastKnownFileType = sourcecode.swift; path = AppDelegate.swift; sourceTree = "<group>"; };
		040804962AE65124003F857A /* SceneDelegate.swift */ = {isa = PBXFileReference; lastKnownFileType = sourcecode.swift; path = SceneDelegate.swift; sourceTree = "<group>"; };
		040804982AE65124003F857A /* ViewController.swift */ = {isa = PBXFileReference; lastKnownFileType = sourcecode.swift; path = ViewController.swift; sourceTree = "<group>"; };
		0408049B2AE65124003F857A /* Base */ = {isa = PBXFileReference; lastKnownFileType = file.storyboard; name = Base; path = Base.lproj/Main.storyboard; sourceTree = "<group>"; };
		0408049E2AE65124003F857A /* AppleNews.xcdatamodel */ = {isa = PBXFileReference; lastKnownFileType = wrapper.xcdatamodel; path = AppleNews.xcdatamodel; sourceTree = "<group>"; };
		040804A02AE65126003F857A /* Assets.xcassets */ = {isa = PBXFileReference; lastKnownFileType = folder.assetcatalog; path = Assets.xcassets; sourceTree = "<group>"; };
		040804A32AE65126003F857A /* Base */ = {isa = PBXFileReference; lastKnownFileType = file.storyboard; name = Base; path = Base.lproj/LaunchScreen.storyboard; sourceTree = "<group>"; };
		040804A52AE65126003F857A /* Info.plist */ = {isa = PBXFileReference; lastKnownFileType = text.plist.xml; path = Info.plist; sourceTree = "<group>"; };
		040804AB2AE654E0003F857A /* NewsListTableViewCell.swift */ = {isa = PBXFileReference; lastKnownFileType = sourcecode.swift; path = NewsListTableViewCell.swift; sourceTree = "<group>"; };
		044FA7E02AE65A1800A35FEC /* NewsDetailViewController.swift */ = {isa = PBXFileReference; lastKnownFileType = sourcecode.swift; path = NewsDetailViewController.swift; sourceTree = "<group>"; };
		044FA7E22AE65F7C00A35FEC /* ReadmoreViewController.swift */ = {isa = PBXFileReference; lastKnownFileType = sourcecode.swift; path = ReadmoreViewController.swift; sourceTree = "<group>"; };
		41A99B53C473E332157A7D83 /* Pods-AppleNews.release.xcconfig */ = {isa = PBXFileReference; includeInIndex = 1; lastKnownFileType = text.xcconfig; name = "Pods-AppleNews.release.xcconfig"; path = "Target Support Files/Pods-AppleNews/Pods-AppleNews.release.xcconfig"; sourceTree = "<group>"; };
		79B5AA192F7CDD347A63B99E /* Pods-AppleNews.debug.xcconfig */ = {isa = PBXFileReference; includeInIndex = 1; lastKnownFileType = text.xcconfig; name = "Pods-AppleNews.debug.xcconfig"; path = "Target Support Files/Pods-AppleNews/Pods-AppleNews.debug.xcconfig"; sourceTree = "<group>"; };
		9F4B0FB9827DCB4C4A84D5CD /* Pods_AppleNews.framework */ = {isa = PBXFileReference; explicitFileType = wrapper.framework; includeInIndex = 0; path = Pods_AppleNews.framework; sourceTree = BUILT_PRODUCTS_DIR; };
/* End PBXFileReference section */

/* Begin PBXFrameworksBuildPhase section */
		0408048E2AE65124003F857A /* Frameworks */ = {
			isa = PBXFrameworksBuildPhase;
			buildActionMask = 2147483647;
			files = (
				FE5E04EC9B6F6B08C1F8EB67 /* Pods_AppleNews.framework in Frameworks */,
			);
			runOnlyForDeploymentPostprocessing = 0;
		};
/* End PBXFrameworksBuildPhase section */

/* Begin PBXGroup section */
		040804882AE65124003F857A = {
			isa = PBXGroup;
			children = (
				040804932AE65124003F857A /* AppleNews */,
				040804922AE65124003F857A /* Products */,
				04250CD1EAF62A622AD2FF5B /* Pods */,
				3135E5373EAF4108DAC6A3D1 /* Frameworks */,
			);
			sourceTree = "<group>";
		};
		040804922AE65124003F857A /* Products */ = {
			isa = PBXGroup;
			children = (
				040804912AE65124003F857A /* AppleNews.app */,
			);
			name = Products;
			sourceTree = "<group>";
		};
		040804932AE65124003F857A /* AppleNews */ = {
			isa = PBXGroup;
			children = (
				040804942AE65124003F857A /* AppDelegate.swift */,
				040804962AE65124003F857A /* SceneDelegate.swift */,
				040804982AE65124003F857A /* ViewController.swift */,
				044FA7E22AE65F7C00A35FEC /* ReadmoreViewController.swift */,
				0408049A2AE65124003F857A /* Main.storyboard */,
				040804AB2AE654E0003F857A /* NewsListTableViewCell.swift */,
				044FA7E02AE65A1800A35FEC /* NewsDetailViewController.swift */,
				040804A02AE65126003F857A /* Assets.xcassets */,
				040804A22AE65126003F857A /* LaunchScreen.storyboard */,
				040804A52AE65126003F857A /* Info.plist */,
				0408049D2AE65124003F857A /* AppleNews.xcdatamodeld */,
			);
			path = AppleNews;
			sourceTree = "<group>";
		};
		04250CD1EAF62A622AD2FF5B /* Pods */ = {
			isa = PBXGroup;
			children = (
				79B5AA192F7CDD347A63B99E /* Pods-AppleNews.debug.xcconfig */,
				41A99B53C473E332157A7D83 /* Pods-AppleNews.release.xcconfig */,
			);
			path = Pods;
			sourceTree = "<group>";
		};
		3135E5373EAF4108DAC6A3D1 /* Frameworks */ = {
			isa = PBXGroup;
			children = (
				9F4B0FB9827DCB4C4A84D5CD /* Pods_AppleNews.framework */,
			);
			name = Frameworks;
			sourceTree = "<group>";
		};
/* End PBXGroup section */

/* Begin PBXNativeTarget section */
		040804902AE65124003F857A /* AppleNews */ = {
			isa = PBXNativeTarget;
			buildConfigurationList = 040804A82AE65126003F857A /* Build configuration list for PBXNativeTarget "AppleNews" */;
			buildPhases = (
				C942B42F02664569DEB60201 /* [CP] Check Pods Manifest.lock */,
				0408048D2AE65124003F857A /* Sources */,
				0408048E2AE65124003F857A /* Frameworks */,
				0408048F2AE65124003F857A /* Resources */,
				87FCB371E6B26A50750CA3DD /* [CP] Embed Pods Frameworks */,
			);
			buildRules = (
			);
			dependencies = (
			);
			name = AppleNews;
			productName = AppleNews;
			productReference = 040804912AE65124003F857A /* AppleNews.app */;
			productType = "com.apple.product-type.application";
		};
/* End PBXNativeTarget section */

/* Begin PBXProject section */
		040804892AE65124003F857A /* Project object */ = {
			isa = PBXProject;
			attributes = {
				BuildIndependentTargetsInParallel = 1;
				LastSwiftUpdateCheck = 1500;
				LastUpgradeCheck = 1500;
				TargetAttributes = {
					040804902AE65124003F857A = {
						CreatedOnToolsVersion = 15.0;
					};
				};
			};
			buildConfigurationList = 0408048C2AE65124003F857A /* Build configuration list for PBXProject "AppleNews" */;
			compatibilityVersion = "Xcode 14.0";
			developmentRegion = en;
			hasScannedForEncodings = 0;
			knownRegions = (
				en,
				Base,
			);
			mainGroup = 040804882AE65124003F857A;
			productRefGroup = 040804922AE65124003F857A /* Products */;
			projectDirPath = "";
			projectRoot = "";
			targets = (
				040804902AE65124003F857A /* AppleNews */,
			);
		};
/* End PBXProject section */

/* Begin PBXResourcesBuildPhase section */
		0408048F2AE65124003F857A /* Resources */ = {
			isa = PBXResourcesBuildPhase;
			buildActionMask = 2147483647;
			files = (
				040804A42AE65126003F857A /* LaunchScreen.storyboard in Resources */,
				040804A12AE65126003F857A /* Assets.xcassets in Resources */,
				0408049C2AE65124003F857A /* Main.storyboard in Resources */,
			);
			runOnlyForDeploymentPostprocessing = 0;
		};
/* End PBXResourcesBuildPhase section */

/* Begin PBXShellScriptBuildPhase section */
		87FCB371E6B26A50750CA3DD /* [CP] Embed Pods Frameworks */ = {
			isa = PBXShellScriptBuildPhase;
			buildActionMask = 2147483647;
			files = (
			);
			inputFileListPaths = (
				"${PODS_ROOT}/Target Support Files/Pods-AppleNews/Pods-AppleNews-frameworks-${CONFIGURATION}-input-files.xcfilelist",
			);
			name = "[CP] Embed Pods Frameworks";
			outputFileListPaths = (
				"${PODS_ROOT}/Target Support Files/Pods-AppleNews/Pods-AppleNews-frameworks-${CONFIGURATION}-output-files.xcfilelist",
			);
			runOnlyForDeploymentPostprocessing = 0;
			shellPath = /bin/sh;
			shellScript = "\"${PODS_ROOT}/Target Support Files/Pods-AppleNews/Pods-AppleNews-frameworks.sh\"\n";
			showEnvVarsInLog = 0;
		};
		C942B42F02664569DEB60201 /* [CP] Check Pods Manifest.lock */ = {
			isa = PBXShellScriptBuildPhase;
			buildActionMask = 2147483647;
			files = (
			);
			inputFileListPaths = (
			);
			inputPaths = (
				"${PODS_PODFILE_DIR_PATH}/Podfile.lock",
				"${PODS_ROOT}/Manifest.lock",
			);
			name = "[CP] Check Pods Manifest.lock";
			outputFileListPaths = (
			);
			outputPaths = (
				"$(DERIVED_FILE_DIR)/Pods-AppleNews-checkManifestLockResult.txt",
			);
			runOnlyForDeploymentPostprocessing = 0;
			shellPath = /bin/sh;
			shellScript = "diff \"${PODS_PODFILE_DIR_PATH}/Podfile.lock\" \"${PODS_ROOT}/Manifest.lock\" > /dev/null\nif [ $? != 0 ] ; then\n    # print error to STDERR\n    echo \"error: The sandbox is not in sync with the Podfile.lock. Run 'pod install' or update your CocoaPods installation.\" >&2\n    exit 1\nfi\n# This output is used by Xcode 'outputs' to avoid re-running this script phase.\necho \"SUCCESS\" > \"${SCRIPT_OUTPUT_FILE_0}\"\n";
			showEnvVarsInLog = 0;
		};
/* End PBXShellScriptBuildPhase section */

/* Begin PBXSourcesBuildPhase section */
		0408048D2AE65124003F857A /* Sources */ = {
			isa = PBXSourcesBuildPhase;
			buildActionMask = 2147483647;
			files = (
				044FA7E12AE65A1800A35FEC /* NewsDetailViewController.swift in Sources */,
				040804992AE65124003F857A /* ViewController.swift in Sources */,
				044FA7E32AE65F7C00A35FEC /* ReadmoreViewController.swift in Sources */,
				040804AC2AE654E0003F857A /* NewsListTableViewCell.swift in Sources */,
				0408049F2AE65124003F857A /* AppleNews.xcdatamodeld in Sources */,
				040804952AE65124003F857A /* AppDelegate.swift in Sources */,
				040804972AE65124003F857A /* SceneDelegate.swift in Sources */,
			);
			runOnlyForDeploymentPostprocessing = 0;
		};
/* End PBXSourcesBuildPhase section */

/* Begin PBXVariantGroup section */
		0408049A2AE65124003F857A /* Main.storyboard */ = {
			isa = PBXVariantGroup;
			children = (
				0408049B2AE65124003F857A /* Base */,
			);
			name = Main.storyboard;
			sourceTree = "<group>";
		};
		040804A22AE65126003F857A /* LaunchScreen.storyboard */ = {
			isa = PBXVariantGroup;
			children = (
				040804A32AE65126003F857A /* Base */,
			);
			name = LaunchScreen.storyboard;
			sourceTree = "<group>";
		};
/* End PBXVariantGroup section */

/* Begin XCBuildConfiguration section */
		040804A62AE65126003F857A /* Debug */ = {
			isa = XCBuildConfiguration;
			buildSettings = {
				ALWAYS_SEARCH_USER_PATHS = NO;
				ASSETCATALOG_COMPILER_GENERATE_SWIFT_ASSET_SYMBOL_EXTENSIONS = YES;
				CLANG_ANALYZER_NONNULL = YES;
				CLANG_ANALYZER_NUMBER_OBJECT_CONVERSION = YES_AGGRESSIVE;
				CLANG_CXX_LANGUAGE_STANDARD = "gnu++20";
				CLANG_ENABLE_MODULES = YES;
				CLANG_ENABLE_OBJC_ARC = YES;
				CLANG_ENABLE_OBJC_WEAK = YES;
				CLANG_WARN_BLOCK_CAPTURE_AUTORELEASING = YES;
				CLANG_WARN_BOOL_CONVERSION = YES;
				CLANG_WARN_COMMA = YES;
				CLANG_WARN_CONSTANT_CONVERSION = YES;
				CLANG_WARN_DEPRECATED_OBJC_IMPLEMENTATIONS = YES;
				CLANG_WARN_DIRECT_OBJC_ISA_USAGE = YES_ERROR;
				CLANG_WARN_DOCUMENTATION_COMMENTS = YES;
				CLANG_WARN_EMPTY_BODY = YES;
				CLANG_WARN_ENUM_CONVERSION = YES;
				CLANG_WARN_INFINITE_RECURSION = YES;
				CLANG_WARN_INT_CONVERSION = YES;
				CLANG_WARN_NON_LITERAL_NULL_CONVERSION = YES;
				CLANG_WARN_OBJC_IMPLICIT_RETAIN_SELF = YES;
				CLANG_WARN_OBJC_LITERAL_CONVERSION = YES;
				CLANG_WARN_OBJC_ROOT_CLASS = YES_ERROR;
				CLANG_WARN_QUOTED_INCLUDE_IN_FRAMEWORK_HEADER = YES;
				CLANG_WARN_RANGE_LOOP_ANALYSIS = YES;
				CLANG_WARN_STRICT_PROTOTYPES = YES;
				CLANG_WARN_SUSPICIOUS_MOVE = YES;
				CLANG_WARN_UNGUARDED_AVAILABILITY = YES_AGGRESSIVE;
				CLANG_WARN_UNREACHABLE_CODE = YES;
				CLANG_WARN__DUPLICATE_METHOD_MATCH = YES;
				COPY_PHASE_STRIP = NO;
				DEBUG_INFORMATION_FORMAT = dwarf;
				ENABLE_STRICT_OBJC_MSGSEND = YES;
				ENABLE_TESTABILITY = YES;
				ENABLE_USER_SCRIPT_SANDBOXING = YES;
				GCC_C_LANGUAGE_STANDARD = gnu17;
				GCC_DYNAMIC_NO_PIC = NO;
				GCC_NO_COMMON_BLOCKS = YES;
				GCC_OPTIMIZATION_LEVEL = 0;
				GCC_PREPROCESSOR_DEFINITIONS = (
					"DEBUG=1",
					"$(inherited)",
				);
				GCC_WARN_64_TO_32_BIT_CONVERSION = YES;
				GCC_WARN_ABOUT_RETURN_TYPE = YES_ERROR;
				GCC_WARN_UNDECLARED_SELECTOR = YES;
				GCC_WARN_UNINITIALIZED_AUTOS = YES_AGGRESSIVE;
				GCC_WARN_UNUSED_FUNCTION = YES;
				GCC_WARN_UNUSED_VARIABLE = YES;
				IPHONEOS_DEPLOYMENT_TARGET = 17.0;
				LOCALIZATION_PREFERS_STRING_CATALOGS = YES;
				MTL_ENABLE_DEBUG_INFO = INCLUDE_SOURCE;
				MTL_FAST_MATH = YES;
				ONLY_ACTIVE_ARCH = YES;
				SDKROOT = iphoneos;
				SWIFT_ACTIVE_COMPILATION_CONDITIONS = "DEBUG $(inherited)";
				SWIFT_OPTIMIZATION_LEVEL = "-Onone";
			};
			name = Debug;
		};
		040804A72AE65126003F857A /* Release */ = {
			isa = XCBuildConfiguration;
			buildSettings = {
				ALWAYS_SEARCH_USER_PATHS = NO;
				ASSETCATALOG_COMPILER_GENERATE_SWIFT_ASSET_SYMBOL_EXTENSIONS = YES;
				CLANG_ANALYZER_NONNULL = YES;
				CLANG_ANALYZER_NUMBER_OBJECT_CONVERSION = YES_AGGRESSIVE;
				CLANG_CXX_LANGUAGE_STANDARD = "gnu++20";
				CLANG_ENABLE_MODULES = YES;
				CLANG_ENABLE_OBJC_ARC = YES;
				CLANG_ENABLE_OBJC_WEAK = YES;
				CLANG_WARN_BLOCK_CAPTURE_AUTORELEASING = YES;
				CLANG_WARN_BOOL_CONVERSION = YES;
				CLANG_WARN_COMMA = YES;
				CLANG_WARN_CONSTANT_CONVERSION = YES;
				CLANG_WARN_DEPRECATED_OBJC_IMPLEMENTATIONS = YES;
				CLANG_WARN_DIRECT_OBJC_ISA_USAGE = YES_ERROR;
				CLANG_WARN_DOCUMENTATION_COMMENTS = YES;
				CLANG_WARN_EMPTY_BODY = YES;
				CLANG_WARN_ENUM_CONVERSION = YES;
				CLANG_WARN_INFINITE_RECURSION = YES;
				CLANG_WARN_INT_CONVERSION = YES;
				CLANG_WARN_NON_LITERAL_NULL_CONVERSION = YES;
				CLANG_WARN_OBJC_IMPLICIT_RETAIN_SELF = YES;
				CLANG_WARN_OBJC_LITERAL_CONVERSION = YES;
				CLANG_WARN_OBJC_ROOT_CLASS = YES_ERROR;
				CLANG_WARN_QUOTED_INCLUDE_IN_FRAMEWORK_HEADER = YES;
				CLANG_WARN_RANGE_LOOP_ANALYSIS = YES;
				CLANG_WARN_STRICT_PROTOTYPES = YES;
				CLANG_WARN_SUSPICIOUS_MOVE = YES;
				CLANG_WARN_UNGUARDED_AVAILABILITY = YES_AGGRESSIVE;
				CLANG_WARN_UNREACHABLE_CODE = YES;
				CLANG_WARN__DUPLICATE_METHOD_MATCH = YES;
				COPY_PHASE_STRIP = NO;
				DEBUG_INFORMATION_FORMAT = "dwarf-with-dsym";
				ENABLE_NS_ASSERTIONS = NO;
				ENABLE_STRICT_OBJC_MSGSEND = YES;
				ENABLE_USER_SCRIPT_SANDBOXING = YES;
				GCC_C_LANGUAGE_STANDARD = gnu17;
				GCC_NO_COMMON_BLOCKS = YES;
				GCC_WARN_64_TO_32_BIT_CONVERSION = YES;
				GCC_WARN_ABOUT_RETURN_TYPE = YES_ERROR;
				GCC_WARN_UNDECLARED_SELECTOR = YES;
				GCC_WARN_UNINITIALIZED_AUTOS = YES_AGGRESSIVE;
				GCC_WARN_UNUSED_FUNCTION = YES;
				GCC_WARN_UNUSED_VARIABLE = YES;
				IPHONEOS_DEPLOYMENT_TARGET = 17.0;
				LOCALIZATION_PREFERS_STRING_CATALOGS = YES;
				MTL_ENABLE_DEBUG_INFO = NO;
				MTL_FAST_MATH = YES;
				SDKROOT = iphoneos;
				SWIFT_COMPILATION_MODE = wholemodule;
				VALIDATE_PRODUCT = YES;
			};
			name = Release;
		};
		040804A92AE65126003F857A /* Debug */ = {
			isa = XCBuildConfiguration;
			baseConfigurationReference = 79B5AA192F7CDD347A63B99E /* Pods-AppleNews.debug.xcconfig */;
			buildSettings = {
				ASSETCATALOG_COMPILER_APPICON_NAME = AppIcon;
				ASSETCATALOG_COMPILER_GLOBAL_ACCENT_COLOR_NAME = AccentColor;
				CODE_SIGN_STYLE = Automatic;
				CURRENT_PROJECT_VERSION = 1;
				ENABLE_USER_SCRIPT_SANDBOXING = NO;
				GENERATE_INFOPLIST_FILE = YES;
				INFOPLIST_FILE = AppleNews/Info.plist;
				INFOPLIST_KEY_UIApplicationSupportsIndirectInputEvents = YES;
				INFOPLIST_KEY_UILaunchStoryboardName = LaunchScreen;
				INFOPLIST_KEY_UIMainStoryboardFile = Main;
				INFOPLIST_KEY_UISupportedInterfaceOrientations_iPad = "UIInterfaceOrientationPortrait UIInterfaceOrientationPortraitUpsideDown UIInterfaceOrientationLandscapeLeft UIInterfaceOrientationLandscapeRight";
				INFOPLIST_KEY_UISupportedInterfaceOrientations_iPhone = "UIInterfaceOrientationPortrait UIInterfaceOrientationLandscapeLeft UIInterfaceOrientationLandscapeRight";
				LD_RUNPATH_SEARCH_PATHS = (
					"$(inherited)",
					"@executable_path/Frameworks",
				);
				MARKETING_VERSION = 1.0;
				PRODUCT_BUNDLE_IDENTIFIER = com.akashpadhiyar.AppleNews;
				PRODUCT_NAME = "$(TARGET_NAME)";
				SWIFT_EMIT_LOC_STRINGS = YES;
				SWIFT_VERSION = 5.0;
				TARGETED_DEVICE_FAMILY = "1,2";
			};
			name = Debug;
		};
		040804AA2AE65126003F857A /* Release */ = {
			isa = XCBuildConfiguration;
			baseConfigurationReference = 41A99B53C473E332157A7D83 /* Pods-AppleNews.release.xcconfig */;
			buildSettings = {
				ASSETCATALOG_COMPILER_APPICON_NAME = AppIcon;
				ASSETCATALOG_COMPILER_GLOBAL_ACCENT_COLOR_NAME = AccentColor;
				CODE_SIGN_STYLE = Automatic;
				CURRENT_PROJECT_VERSION = 1;
				ENABLE_USER_SCRIPT_SANDBOXING = NO;
				GENERATE_INFOPLIST_FILE = YES;
				INFOPLIST_FILE = AppleNews/Info.plist;
				INFOPLIST_KEY_UIApplicationSupportsIndirectInputEvents = YES;
				INFOPLIST_KEY_UILaunchStoryboardName = LaunchScreen;
				INFOPLIST_KEY_UIMainStoryboardFile = Main;
				INFOPLIST_KEY_UISupportedInterfaceOrientations_iPad = "UIInterfaceOrientationPortrait UIInterfaceOrientationPortraitUpsideDown UIInterfaceOrientationLandscapeLeft UIInterfaceOrientationLandscapeRight";
				INFOPLIST_KEY_UISupportedInterfaceOrientations_iPhone = "UIInterfaceOrientationPortrait UIInterfaceOrientationLandscapeLeft UIInterfaceOrientationLandscapeRight";
				LD_RUNPATH_SEARCH_PATHS = (
					"$(inherited)",
					"@executable_path/Frameworks",
				);
				MARKETING_VERSION = 1.0;
				PRODUCT_BUNDLE_IDENTIFIER = com.akashpadhiyar.AppleNews;
				PRODUCT_NAME = "$(TARGET_NAME)";
				SWIFT_EMIT_LOC_STRINGS = YES;
				SWIFT_VERSION = 5.0;
				TARGETED_DEVICE_FAMILY = "1,2";
			};
			name = Release;
		};
/* End XCBuildConfiguration section */

/* Begin XCConfigurationList section */
		0408048C2AE65124003F857A /* Build configuration list for PBXProject "AppleNews" */ = {
			isa = XCConfigurationList;
			buildConfigurations = (
				040804A62AE65126003F857A /* Debug */,
				040804A72AE65126003F857A /* Release */,
			);
			defaultConfigurationIsVisible = 0;
			defaultConfigurationName = Release;
		};
		040804A82AE65126003F857A /* Build configuration list for PBXNativeTarget "AppleNews" */ = {
			isa = XCConfigurationList;
			buildConfigurations = (
				040804A92AE65126003F857A /* Debug */,
				040804AA2AE65126003F857A /* Release */,
			);
			defaultConfigurationIsVisible = 0;
			defaultConfigurationName = Release;
		};
/* End XCConfigurationList section */

/* Begin XCVersionGroup section */
		0408049D2AE65124003F857A /* AppleNews.xcdatamodeld */ = {
			isa = XCVersionGroup;
			children = (
				0408049E2AE65124003F857A /* AppleNews.xcdatamodel */,
			);
			currentVersion = 0408049E2AE65124003F857A /* AppleNews.xcdatamodel */;
			path = AppleNews.xcdatamodeld;
			sourceTree = "<group>";
			versionGroupType = wrapper.xcdatamodel;
		};
/* End XCVersionGroup section */
	};
	rootObject = 040804892AE65124003F857A /* Project object */;
}
